// !$*UTF8*$!
{
	archiveVersion = 1;
	classes = {
	};
	objectVersion = 56;
	objects = {

/* Begin PBXBuildFile section */
		FF5B04922BF6D65400DE4721 /* Trip_JournalApp.swift in Sources */ = {isa = PBXBuildFile; fileRef = FF5B04912BF6D65400DE4721 /* Trip_JournalApp.swift */; };
		FF5B04942BF6D65400DE4721 /* ContentView.swift in Sources */ = {isa = PBXBuildFile; fileRef = FF5B04932BF6D65400DE4721 /* ContentView.swift */; };
		FF5B04962BF6D65500DE4721 /* Assets.xcassets in Resources */ = {isa = PBXBuildFile; fileRef = FF5B04952BF6D65500DE4721 /* Assets.xcassets */; };
		FF5B04992BF6D65500DE4721 /* Preview Assets.xcassets in Resources */ = {isa = PBXBuildFile; fileRef = FF5B04982BF6D65500DE4721 /* Preview Assets.xcassets */; };
		FF5B04A02BF6D98700DE4721 /* CreateUserRequest.swift in Sources */ = {isa = PBXBuildFile; fileRef = FF5B049F2BF6D98700DE4721 /* CreateUserRequest.swift */; };
		FF5B04A22BF6DA2100DE4721 /* CreateUserResponse.swift in Sources */ = {isa = PBXBuildFile; fileRef = FF5B04A12BF6DA2100DE4721 /* CreateUserResponse.swift */; };
		FF5B04A42BF6DA5400DE4721 /* JSONEncoder+Constants.swift in Sources */ = {isa = PBXBuildFile; fileRef = FF5B04A32BF6DA5400DE4721 /* JSONEncoder+Constants.swift */; };
		FF5B04A62BF6DA8300DE4721 /* JSONDecoder+Constants.swift in Sources */ = {isa = PBXBuildFile; fileRef = FF5B04A52BF6DA8300DE4721 /* JSONDecoder+Constants.swift */; };
		FF5B04A82BF6DAF000DE4721 /* CreateUserHeaderView.swift in Sources */ = {isa = PBXBuildFile; fileRef = FF5B04A72BF6DAF000DE4721 /* CreateUserHeaderView.swift */; };
/* End PBXBuildFile section */

/* Begin PBXFileReference section */
		FF5B048E2BF6D65400DE4721 /* Trip Journal.app */ = {isa = PBXFileReference; explicitFileType = wrapper.application; includeInIndex = 0; path = "Trip Journal.app"; sourceTree = BUILT_PRODUCTS_DIR; };
		FF5B04912BF6D65400DE4721 /* Trip_JournalApp.swift */ = {isa = PBXFileReference; lastKnownFileType = sourcecode.swift; path = Trip_JournalApp.swift; sourceTree = "<group>"; };
		FF5B04932BF6D65400DE4721 /* ContentView.swift */ = {isa = PBXFileReference; lastKnownFileType = sourcecode.swift; path = ContentView.swift; sourceTree = "<group>"; };
		FF5B04952BF6D65500DE4721 /* Assets.xcassets */ = {isa = PBXFileReference; lastKnownFileType = folder.assetcatalog; path = Assets.xcassets; sourceTree = "<group>"; };
		FF5B04982BF6D65500DE4721 /* Preview Assets.xcassets */ = {isa = PBXFileReference; lastKnownFileType = folder.assetcatalog; path = "Preview Assets.xcassets"; sourceTree = "<group>"; };
		FF5B049F2BF6D98700DE4721 /* CreateUserRequest.swift */ = {isa = PBXFileReference; lastKnownFileType = sourcecode.swift; path = CreateUserRequest.swift; sourceTree = "<group>"; };
		FF5B04A12BF6DA2100DE4721 /* CreateUserResponse.swift */ = {isa = PBXFileReference; lastKnownFileType = sourcecode.swift; path = CreateUserResponse.swift; sourceTree = "<group>"; };
		FF5B04A32BF6DA5400DE4721 /* JSONEncoder+Constants.swift */ = {isa = PBXFileReference; lastKnownFileType = sourcecode.swift; path = "JSONEncoder+Constants.swift"; sourceTree = "<group>"; };
		FF5B04A52BF6DA8300DE4721 /* JSONDecoder+Constants.swift */ = {isa = PBXFileReference; lastKnownFileType = sourcecode.swift; path = "JSONDecoder+Constants.swift"; sourceTree = "<group>"; };
		FF5B04A72BF6DAF000DE4721 /* CreateUserHeaderView.swift */ = {isa = PBXFileReference; lastKnownFileType = sourcecode.swift; path = CreateUserHeaderView.swift; sourceTree = "<group>"; };
/* End PBXFileReference section */

/* Begin PBXFrameworksBuildPhase section */
		FF5B048B2BF6D65400DE4721 /* Frameworks */ = {
			isa = PBXFrameworksBuildPhase;
			buildActionMask = 2147483647;
			files = (
			);
			runOnlyForDeploymentPostprocessing = 0;
		};
/* End PBXFrameworksBuildPhase section */

/* Begin PBXGroup section */
		FF5B04852BF6D65300DE4721 = {
			isa = PBXGroup;
			children = (
				FF5B04902BF6D65400DE4721 /* Trip Journal */,
				FF5B048F2BF6D65400DE4721 /* Products */,
			);
			sourceTree = "<group>";
		};
		FF5B048F2BF6D65400DE4721 /* Products */ = {
			isa = PBXGroup;
			children = (
				FF5B048E2BF6D65400DE4721 /* Trip Journal.app */,
			);
			name = Products;
			sourceTree = "<group>";
		};
		FF5B04902BF6D65400DE4721 /* Trip Journal */ = {
			isa = PBXGroup;
			children = (
				FF5B04912BF6D65400DE4721 /* Trip_JournalApp.swift */,
				FF5B04932BF6D65400DE4721 /* ContentView.swift */,
				FF5B04A72BF6DAF000DE4721 /* CreateUserHeaderView.swift */,
				FF5B049F2BF6D98700DE4721 /* CreateUserRequest.swift */,
				FF5B04A12BF6DA2100DE4721 /* CreateUserResponse.swift */,
				FF5B04A32BF6DA5400DE4721 /* JSONEncoder+Constants.swift */,
				FF5B04A52BF6DA8300DE4721 /* JSONDecoder+Constants.swift */,
				FF5B04952BF6D65500DE4721 /* Assets.xcassets */,
				FF5B04972BF6D65500DE4721 /* Preview Content */,
			);
			path = "Trip Journal";
			sourceTree = "<group>";
		};
		FF5B04972BF6D65500DE4721 /* Preview Content */ = {
			isa = PBXGroup;
			children = (
				FF5B04982BF6D65500DE4721 /* Preview Assets.xcassets */,
			);
			path = "Preview Content";
			sourceTree = "<group>";
		};
/* End PBXGroup section */

/* Begin PBXNativeTarget section */
		FF5B048D2BF6D65400DE4721 /* Trip Journal */ = {
			isa = PBXNativeTarget;
			buildConfigurationList = FF5B049C2BF6D65500DE4721 /* Build configuration list for PBXNativeTarget "Trip Journal" */;
			buildPhases = (
				FF5B048A2BF6D65400DE4721 /* Sources */,
				FF5B048B2BF6D65400DE4721 /* Frameworks */,
				FF5B048C2BF6D65400DE4721 /* Resources */,
			);
			buildRules = (
			);
			dependencies = (
			);
			name = "Trip Journal";
			productName = "Trip Journal";
			productReference = FF5B048E2BF6D65400DE4721 /* Trip Journal.app */;
			productType = "com.apple.product-type.application";
		};
/* End PBXNativeTarget section */

/* Begin PBXProject section */
		FF5B04862BF6D65300DE4721 /* Project object */ = {
			isa = PBXProject;
			attributes = {
				BuildIndependentTargetsInParallel = 1;
				LastSwiftUpdateCheck = 1540;
				LastUpgradeCheck = 1540;
				TargetAttributes = {
					FF5B048D2BF6D65400DE4721 = {
						CreatedOnToolsVersion = 15.4;
					};
				};
			};
			buildConfigurationList = FF5B04892BF6D65300DE4721 /* Build configuration list for PBXProject "Trip Journal" */;
			compatibilityVersion = "Xcode 14.0";
			developmentRegion = en;
			hasScannedForEncodings = 0;
			knownRegions = (
				en,
				Base,
			);
			mainGroup = FF5B04852BF6D65300DE4721;
			productRefGroup = FF5B048F2BF6D65400DE4721 /* Products */;
			projectDirPath = "";
			projectRoot = "";
			targets = (
				FF5B048D2BF6D65400DE4721 /* Trip Journal */,
			);
		};
/* End PBXProject section */

/* Begin PBXResourcesBuildPhase section */
		FF5B048C2BF6D65400DE4721 /* Resources */ = {
			isa = PBXResourcesBuildPhase;
			buildActionMask = 2147483647;
			files = (
				FF5B04992BF6D65500DE4721 /* Preview Assets.xcassets in Resources */,
				FF5B04962BF6D65500DE4721 /* Assets.xcassets in Resources */,
			);
			runOnlyForDeploymentPostprocessing = 0;
		};
/* End PBXResourcesBuildPhase section */

/* Begin PBXSourcesBuildPhase section */
		FF5B048A2BF6D65400DE4721 /* Sources */ = {
			isa = PBXSourcesBuildPhase;
			buildActionMask = 2147483647;
			files = (
				FF5B04A62BF6DA8300DE4721 /* JSONDecoder+Constants.swift in Sources */,
				FF5B04A82BF6DAF000DE4721 /* CreateUserHeaderView.swift in Sources */,
				FF5B04942BF6D65400DE4721 /* ContentView.swift in Sources */,
				FF5B04A22BF6DA2100DE4721 /* CreateUserResponse.swift in Sources */,
				FF5B04922BF6D65400DE4721 /* Trip_JournalApp.swift in Sources */,
				FF5B04A02BF6D98700DE4721 /* CreateUserRequest.swift in Sources */,
				FF5B04A42BF6DA5400DE4721 /* JSONEncoder+Constants.swift in Sources */,
			);
			runOnlyForDeploymentPostprocessing = 0;
		};
/* End PBXSourcesBuildPhase section */

/* Begin XCBuildConfiguration section */
		FF5B049A2BF6D65500DE4721 /* Debug */ = {
			isa = XCBuildConfiguration;
			buildSettings = {
				ALWAYS_SEARCH_USER_PATHS = NO;
				ASSETCATALOG_COMPILER_GENERATE_SWIFT_ASSET_SYMBOL_EXTENSIONS = YES;
				CLANG_ANALYZER_NONNULL = YES;
				CLANG_ANALYZER_NUMBER_OBJECT_CONVERSION = YES_AGGRESSIVE;
				CLANG_CXX_LANGUAGE_STANDARD = "gnu++20";
				CLANG_ENABLE_MODULES = YES;
				CLANG_ENABLE_OBJC_ARC = YES;
				CLANG_ENABLE_OBJC_WEAK = YES;
				CLANG_WARN_BLOCK_CAPTURE_AUTORELEASING = YES;
				CLANG_WARN_BOOL_CONVERSION = YES;
				CLANG_WARN_COMMA = YES;
				CLANG_WARN_CONSTANT_CONVERSION = YES;
				CLANG_WARN_DEPRECATED_OBJC_IMPLEMENTATIONS = YES;
				CLANG_WARN_DIRECT_OBJC_ISA_USAGE = YES_ERROR;
				CLANG_WARN_DOCUMENTATION_COMMENTS = YES;
				CLANG_WARN_EMPTY_BODY = YES;
				CLANG_WARN_ENUM_CONVERSION = YES;
				CLANG_WARN_INFINITE_RECURSION = YES;
				CLANG_WARN_INT_CONVERSION = YES;
				CLANG_WARN_NON_LITERAL_NULL_CONVERSION = YES;
				CLANG_WARN_OBJC_IMPLICIT_RETAIN_SELF = YES;
				CLANG_WARN_OBJC_LITERAL_CONVERSION = YES;
				CLANG_WARN_OBJC_ROOT_CLASS = YES_ERROR;
				CLANG_WARN_QUOTED_INCLUDE_IN_FRAMEWORK_HEADER = YES;
				CLANG_WARN_RANGE_LOOP_ANALYSIS = YES;
				CLANG_WARN_STRICT_PROTOTYPES = YES;
				CLANG_WARN_SUSPICIOUS_MOVE = YES;
				CLANG_WARN_UNGUARDED_AVAILABILITY = YES_AGGRESSIVE;
				CLANG_WARN_UNREACHABLE_CODE = YES;
				CLANG_WARN__DUPLICATE_METHOD_MATCH = YES;
				COPY_PHASE_STRIP = NO;
				DEBUG_INFORMATION_FORMAT = dwarf;
				ENABLE_STRICT_OBJC_MSGSEND = YES;
				ENABLE_TESTABILITY = YES;
				ENABLE_USER_SCRIPT_SANDBOXING = YES;
				GCC_C_LANGUAGE_STANDARD = gnu17;
				GCC_DYNAMIC_NO_PIC = NO;
				GCC_NO_COMMON_BLOCKS = YES;
				GCC_OPTIMIZATION_LEVEL = 0;
				GCC_PREPROCESSOR_DEFINITIONS = (
					"DEBUG=1",
					"$(inherited)",
				);
				GCC_WARN_64_TO_32_BIT_CONVERSION = YES;
				GCC_WARN_ABOUT_RETURN_TYPE = YES_ERROR;
				GCC_WARN_UNDECLARED_SELECTOR = YES;
				GCC_WARN_UNINITIALIZED_AUTOS = YES_AGGRESSIVE;
				GCC_WARN_UNUSED_FUNCTION = YES;
				GCC_WARN_UNUSED_VARIABLE = YES;
				IPHONEOS_DEPLOYMENT_TARGET = 17.5;
				LOCALIZATION_PREFERS_STRING_CATALOGS = YES;
				MTL_ENABLE_DEBUG_INFO = INCLUDE_SOURCE;
				MTL_FAST_MATH = YES;
				ONLY_ACTIVE_ARCH = YES;
				SDKROOT = iphoneos;
				SWIFT_ACTIVE_COMPILATION_CONDITIONS = "DEBUG $(inherited)";
				SWIFT_OPTIMIZATION_LEVEL = "-Onone";
			};
			name = Debug;
		};
		FF5B049B2BF6D65500DE4721 /* Release */ = {
			isa = XCBuildConfiguration;
			buildSettings = {
				ALWAYS_SEARCH_USER_PATHS = NO;
				ASSETCATALOG_COMPILER_GENERATE_SWIFT_ASSET_SYMBOL_EXTENSIONS = YES;
				CLANG_ANALYZER_NONNULL = YES;
				CLANG_ANALYZER_NUMBER_OBJECT_CONVERSION = YES_AGGRESSIVE;
				CLANG_CXX_LANGUAGE_STANDARD = "gnu++20";
				CLANG_ENABLE_MODULES = YES;
				CLANG_ENABLE_OBJC_ARC = YES;
				CLANG_ENABLE_OBJC_WEAK = YES;
				CLANG_WARN_BLOCK_CAPTURE_AUTORELEASING = YES;
				CLANG_WARN_BOOL_CONVERSION = YES;
				CLANG_WARN_COMMA = YES;
				CLANG_WARN_CONSTANT_CONVERSION = YES;
				CLANG_WARN_DEPRECATED_OBJC_IMPLEMENTATIONS = YES;
				CLANG_WARN_DIRECT_OBJC_ISA_USAGE = YES_ERROR;
				CLANG_WARN_DOCUMENTATION_COMMENTS = YES;
				CLANG_WARN_EMPTY_BODY = YES;
				CLANG_WARN_ENUM_CONVERSION = YES;
				CLANG_WARN_INFINITE_RECURSION = YES;
				CLANG_WARN_INT_CONVERSION = YES;
				CLANG_WARN_NON_LITERAL_NULL_CONVERSION = YES;
				CLANG_WARN_OBJC_IMPLICIT_RETAIN_SELF = YES;
				CLANG_WARN_OBJC_LITERAL_CONVERSION = YES;
				CLANG_WARN_OBJC_ROOT_CLASS = YES_ERROR;
				CLANG_WARN_QUOTED_INCLUDE_IN_FRAMEWORK_HEADER = YES;
				CLANG_WARN_RANGE_LOOP_ANALYSIS = YES;
				CLANG_WARN_STRICT_PROTOTYPES = YES;
				CLANG_WARN_SUSPICIOUS_MOVE = YES;
				CLANG_WARN_UNGUARDED_AVAILABILITY = YES_AGGRESSIVE;
				CLANG_WARN_UNREACHABLE_CODE = YES;
				CLANG_WARN__DUPLICATE_METHOD_MATCH = YES;
				COPY_PHASE_STRIP = NO;
				DEBUG_INFORMATION_FORMAT = "dwarf-with-dsym";
				ENABLE_NS_ASSERTIONS = NO;
				ENABLE_STRICT_OBJC_MSGSEND = YES;
				ENABLE_USER_SCRIPT_SANDBOXING = YES;
				GCC_C_LANGUAGE_STANDARD = gnu17;
				GCC_NO_COMMON_BLOCKS = YES;
				GCC_WARN_64_TO_32_BIT_CONVERSION = YES;
				GCC_WARN_ABOUT_RETURN_TYPE = YES_ERROR;
				GCC_WARN_UNDECLARED_SELECTOR = YES;
				GCC_WARN_UNINITIALIZED_AUTOS = YES_AGGRESSIVE;
				GCC_WARN_UNUSED_FUNCTION = YES;
				GCC_WARN_UNUSED_VARIABLE = YES;
				IPHONEOS_DEPLOYMENT_TARGET = 17.5;
				LOCALIZATION_PREFERS_STRING_CATALOGS = YES;
				MTL_ENABLE_DEBUG_INFO = NO;
				MTL_FAST_MATH = YES;
				SDKROOT = iphoneos;
				SWIFT_COMPILATION_MODE = wholemodule;
				VALIDATE_PRODUCT = YES;
			};
			name = Release;
		};
		FF5B049D2BF6D65500DE4721 /* Debug */ = {
			isa = XCBuildConfiguration;
			buildSettings = {
				ASSETCATALOG_COMPILER_APPICON_NAME = AppIcon;
				ASSETCATALOG_COMPILER_GLOBAL_ACCENT_COLOR_NAME = AccentColor;
				CODE_SIGN_STYLE = Automatic;
				CURRENT_PROJECT_VERSION = 1;
				DEVELOPMENT_ASSET_PATHS = "\"Trip Journal/Preview Content\"";
				ENABLE_PREVIEWS = YES;
				GENERATE_INFOPLIST_FILE = YES;
				INFOPLIST_KEY_UIApplicationSceneManifest_Generation = YES;
				INFOPLIST_KEY_UIApplicationSupportsIndirectInputEvents = YES;
				INFOPLIST_KEY_UILaunchScreen_Generation = YES;
				INFOPLIST_KEY_UISupportedInterfaceOrientations_iPad = "UIInterfaceOrientationPortrait UIInterfaceOrientationPortraitUpsideDown UIInterfaceOrientationLandscapeLeft UIInterfaceOrientationLandscapeRight";
				INFOPLIST_KEY_UISupportedInterfaceOrientations_iPhone = "UIInterfaceOrientationPortrait UIInterfaceOrientationLandscapeLeft UIInterfaceOrientationLandscapeRight";
				LD_RUNPATH_SEARCH_PATHS = (
					"$(inherited)",
					"@executable_path/Frameworks",
				);
				MARKETING_VERSION = 1.0;
				PRODUCT_BUNDLE_IDENTIFIER = "com.udacity.Trip-Journal";
				PRODUCT_NAME = "$(TARGET_NAME)";
				SWIFT_EMIT_LOC_STRINGS = YES;
				SWIFT_VERSION = 5.0;
				TARGETED_DEVICE_FAMILY = "1,2";
			};
			name = Debug;
		};
		FF5B049E2BF6D65500DE4721 /* Release */ = {
			isa = XCBuildConfiguration;
			buildSettings = {
				ASSETCATALOG_COMPILER_APPICON_NAME = AppIcon;
				ASSETCATALOG_COMPILER_GLOBAL_ACCENT_COLOR_NAME = AccentColor;
				CODE_SIGN_STYLE = Automatic;
				CURRENT_PROJECT_VERSION = 1;
				DEVELOPMENT_ASSET_PATHS = "\"Trip Journal/Preview Content\"";
				ENABLE_PREVIEWS = YES;
				GENERATE_INFOPLIST_FILE = YES;
				INFOPLIST_KEY_UIApplicationSceneManifest_Generation = YES;
				INFOPLIST_KEY_UIApplicationSupportsIndirectInputEvents = YES;
				INFOPLIST_KEY_UILaunchScreen_Generation = YES;
				INFOPLIST_KEY_UISupportedInterfaceOrientations_iPad = "UIInterfaceOrientationPortrait UIInterfaceOrientationPortraitUpsideDown UIInterfaceOrientationLandscapeLeft UIInterfaceOrientationLandscapeRight";
				INFOPLIST_KEY_UISupportedInterfaceOrientations_iPhone = "UIInterfaceOrientationPortrait UIInterfaceOrientationLandscapeLeft UIInterfaceOrientationLandscapeRight";
				LD_RUNPATH_SEARCH_PATHS = (
					"$(inherited)",
					"@executable_path/Frameworks",
				);
				MARKETING_VERSION = 1.0;
				PRODUCT_BUNDLE_IDENTIFIER = "com.udacity.Trip-Journal";
				PRODUCT_NAME = "$(TARGET_NAME)";
				SWIFT_EMIT_LOC_STRINGS = YES;
				SWIFT_VERSION = 5.0;
				TARGETED_DEVICE_FAMILY = "1,2";
			};
			name = Release;
		};
/* End XCBuildConfiguration section */

/* Begin XCConfigurationList section */
		FF5B04892BF6D65300DE4721 /* Build configuration list for PBXProject "Trip Journal" */ = {
			isa = XCConfigurationList;
			buildConfigurations = (
				FF5B049A2BF6D65500DE4721 /* Debug */,
				FF5B049B2BF6D65500DE4721 /* Release */,
			);
			defaultConfigurationIsVisible = 0;
			defaultConfigurationName = Release;
		};
		FF5B049C2BF6D65500DE4721 /* Build configuration list for PBXNativeTarget "Trip Journal" */ = {
			isa = XCConfigurationList;
			buildConfigurations = (
				FF5B049D2BF6D65500DE4721 /* Debug */,
				FF5B049E2BF6D65500DE4721 /* Release */,
			);
			defaultConfigurationIsVisible = 0;
			defaultConfigurationName = Release;
		};
/* End XCConfigurationList section */
	};
	rootObject = FF5B04862BF6D65300DE4721 /* Project object */;
}
